
Microsoft Visual Studio Solution File, Format Version 12.00
# Visual Studio Version 17
VisualStudioVersion = 17.6.33815.320
MinimumVisualStudioVersion = 10.0.40219.1
Project("{FAE04EC0-301F-11D3-BF4B-00C04F79EFBC}") = "DOANPM_TH", "DOANPM_TH\DOANPM_TH.csproj", "{DB081E27-B9A4-4202-AB65-E220B882BEB8}"
EndProject
Global
	GlobalSection(SolutionConfigurationPlatforms) = preSolution
		Debug|Any CPU = Debug|Any CPU
		Release|Any CPU = Release|Any CPU
	EndGlobalSection
	GlobalSection(ProjectConfigurationPlatforms) = postSolution
		{DB081E27-B9A4-4202-AB65-E220B882BEB8}.Debug|Any CPU.ActiveCfg = Debug|Any CPU
		{DB081E27-B9A4-4202-AB65-E220B882BEB8}.Debug|Any CPU.Build.0 = Debug|Any CPU
		{DB081E27-B9A4-4202-AB65-E220B882BEB8}.Release|Any CPU.ActiveCfg = Release|Any CPU
		{DB081E27-B9A4-4202-AB65-E220B882BEB8}.Release|Any CPU.Build.0 = Release|Any CPU
	EndGlobalSection
	GlobalSection(SolutionProperties) = preSolution
		HideSolutionNode = FALSE
	EndGlobalSection
	GlobalSection(ExtensibilityGlobals) = postSolution
		SolutionGuid = {1A0357C6-6A64-46D1-AF37-5097A8684994}
	EndGlobalSection
EndGlobal
